// !$*UTF8*$!
{
	archiveVersion = 1;
	classes = {
	};
	objectVersion = 56;
	objects = {

/* Begin PBXBuildFile section */
		B623DCBD2BE4FA7000627D39 /* AppDelegate.swift in Sources */ = {isa = PBXBuildFile; fileRef = B623DCBC2BE4FA7000627D39 /* AppDelegate.swift */; };
		B623DCBF2BE4FA7000627D39 /* SceneDelegate.swift in Sources */ = {isa = PBXBuildFile; fileRef = B623DCBE2BE4FA7000627D39 /* SceneDelegate.swift */; };
		B623DCC12BE4FA7000627D39 /* ViewController.swift in Sources */ = {isa = PBXBuildFile; fileRef = B623DCC02BE4FA7000627D39 /* ViewController.swift */; };
		B623DCC42BE4FA7000627D39 /* Base in Resources */ = {isa = PBXBuildFile; fileRef = B623DCC32BE4FA7000627D39 /* Base */; };
		B623DCC62BE4FA7100627D39 /* Assets.xcassets in Resources */ = {isa = PBXBuildFile; fileRef = B623DCC52BE4FA7100627D39 /* Assets.xcassets */; };
		B623DCC92BE4FA7100627D39 /* Base in Resources */ = {isa = PBXBuildFile; fileRef = B623DCC82BE4FA7100627D39 /* Base */; };
		B623DCD42BE4FA7100627D39 /* MusicPlayerTests.swift in Sources */ = {isa = PBXBuildFile; fileRef = B623DCD32BE4FA7100627D39 /* MusicPlayerTests.swift */; };
		B623DCDE2BE4FA7100627D39 /* MusicPlayerUITests.swift in Sources */ = {isa = PBXBuildFile; fileRef = B623DCDD2BE4FA7100627D39 /* MusicPlayerUITests.swift */; };
		B623DCE02BE4FA7100627D39 /* MusicPlayerUITestsLaunchTests.swift in Sources */ = {isa = PBXBuildFile; fileRef = B623DCDF2BE4FA7100627D39 /* MusicPlayerUITestsLaunchTests.swift */; };
/* End PBXBuildFile section */

/* Begin PBXContainerItemProxy section */
		B623DCD02BE4FA7100627D39 /* PBXContainerItemProxy */ = {
			isa = PBXContainerItemProxy;
			containerPortal = B623DCB12BE4FA7000627D39 /* Project object */;
			proxyType = 1;
			remoteGlobalIDString = B623DCB82BE4FA7000627D39;
			remoteInfo = MusicPlayer;
		};
		B623DCDA2BE4FA7100627D39 /* PBXContainerItemProxy */ = {
			isa = PBXContainerItemProxy;
			containerPortal = B623DCB12BE4FA7000627D39 /* Project object */;
			proxyType = 1;
			remoteGlobalIDString = B623DCB82BE4FA7000627D39;
			remoteInfo = MusicPlayer;
		};
/* End PBXContainerItemProxy section */

/* Begin PBXFileReference section */
		B623DCB92BE4FA7000627D39 /* MusicPlayer.app */ = {isa = PBXFileReference; explicitFileType = wrapper.application; includeInIndex = 0; path = MusicPlayer.app; sourceTree = BUILT_PRODUCTS_DIR; };
		B623DCBC2BE4FA7000627D39 /* AppDelegate.swift */ = {isa = PBXFileReference; lastKnownFileType = sourcecode.swift; path = AppDelegate.swift; sourceTree = "<group>"; };
		B623DCBE2BE4FA7000627D39 /* SceneDelegate.swift */ = {isa = PBXFileReference; lastKnownFileType = sourcecode.swift; path = SceneDelegate.swift; sourceTree = "<group>"; };
		B623DCC02BE4FA7000627D39 /* ViewController.swift */ = {isa = PBXFileReference; lastKnownFileType = sourcecode.swift; path = ViewController.swift; sourceTree = "<group>"; };
		B623DCC32BE4FA7000627D39 /* Base */ = {isa = PBXFileReference; lastKnownFileType = file.storyboard; name = Base; path = Base.lproj/Main.storyboard; sourceTree = "<group>"; };
		B623DCC52BE4FA7100627D39 /* Assets.xcassets */ = {isa = PBXFileReference; lastKnownFileType = folder.assetcatalog; path = Assets.xcassets; sourceTree = "<group>"; };
		B623DCC82BE4FA7100627D39 /* Base */ = {isa = PBXFileReference; lastKnownFileType = file.storyboard; name = Base; path = Base.lproj/LaunchScreen.storyboard; sourceTree = "<group>"; };
		B623DCCA2BE4FA7100627D39 /* Info.plist */ = {isa = PBXFileReference; lastKnownFileType = text.plist.xml; path = Info.plist; sourceTree = "<group>"; };
		B623DCCF2BE4FA7100627D39 /* MusicPlayerTests.xctest */ = {isa = PBXFileReference; explicitFileType = wrapper.cfbundle; includeInIndex = 0; path = MusicPlayerTests.xctest; sourceTree = BUILT_PRODUCTS_DIR; };
		B623DCD32BE4FA7100627D39 /* MusicPlayerTests.swift */ = {isa = PBXFileReference; lastKnownFileType = sourcecode.swift; path = MusicPlayerTests.swift; sourceTree = "<group>"; };
		B623DCD92BE4FA7100627D39 /* MusicPlayerUITests.xctest */ = {isa = PBXFileReference; explicitFileType = wrapper.cfbundle; includeInIndex = 0; path = MusicPlayerUITests.xctest; sourceTree = BUILT_PRODUCTS_DIR; };
		B623DCDD2BE4FA7100627D39 /* MusicPlayerUITests.swift */ = {isa = PBXFileReference; lastKnownFileType = sourcecode.swift; path = MusicPlayerUITests.swift; sourceTree = "<group>"; };
		B623DCDF2BE4FA7100627D39 /* MusicPlayerUITestsLaunchTests.swift */ = {isa = PBXFileReference; lastKnownFileType = sourcecode.swift; path = MusicPlayerUITestsLaunchTests.swift; sourceTree = "<group>"; };
/* End PBXFileReference section */

/* Begin PBXFrameworksBuildPhase section */
		B623DCB62BE4FA7000627D39 /* Frameworks */ = {
			isa = PBXFrameworksBuildPhase;
			buildActionMask = 2147483647;
			files = (
			);
			runOnlyForDeploymentPostprocessing = 0;
		};
		B623DCCC2BE4FA7100627D39 /* Frameworks */ = {
			isa = PBXFrameworksBuildPhase;
			buildActionMask = 2147483647;
			files = (
			);
			runOnlyForDeploymentPostprocessing = 0;
		};
		B623DCD62BE4FA7100627D39 /* Frameworks */ = {
			isa = PBXFrameworksBuildPhase;
			buildActionMask = 2147483647;
			files = (
			);
			runOnlyForDeploymentPostprocessing = 0;
		};
/* End PBXFrameworksBuildPhase section */

/* Begin PBXGroup section */
		B623DCB02BE4FA7000627D39 = {
			isa = PBXGroup;
			children = (
				B623DCBB2BE4FA7000627D39 /* MusicPlayer */,
				B623DCD22BE4FA7100627D39 /* MusicPlayerTests */,
				B623DCDC2BE4FA7100627D39 /* MusicPlayerUITests */,
				B623DCBA2BE4FA7000627D39 /* Products */,
			);
			sourceTree = "<group>";
		};
		B623DCBA2BE4FA7000627D39 /* Products */ = {
			isa = PBXGroup;
			children = (
				B623DCB92BE4FA7000627D39 /* MusicPlayer.app */,
				B623DCCF2BE4FA7100627D39 /* MusicPlayerTests.xctest */,
				B623DCD92BE4FA7100627D39 /* MusicPlayerUITests.xctest */,
			);
			name = Products;
			sourceTree = "<group>";
		};
		B623DCBB2BE4FA7000627D39 /* MusicPlayer */ = {
			isa = PBXGroup;
			children = (
				B623DCBC2BE4FA7000627D39 /* AppDelegate.swift */,
				B623DCBE2BE4FA7000627D39 /* SceneDelegate.swift */,
				B623DCC02BE4FA7000627D39 /* ViewController.swift */,
				B623DCC22BE4FA7000627D39 /* Main.storyboard */,
				B623DCC52BE4FA7100627D39 /* Assets.xcassets */,
				B623DCC72BE4FA7100627D39 /* LaunchScreen.storyboard */,
				B623DCCA2BE4FA7100627D39 /* Info.plist */,
			);
			path = MusicPlayer;
			sourceTree = "<group>";
		};
		B623DCD22BE4FA7100627D39 /* MusicPlayerTests */ = {
			isa = PBXGroup;
			children = (
				B623DCD32BE4FA7100627D39 /* MusicPlayerTests.swift */,
			);
			path = MusicPlayerTests;
			sourceTree = "<group>";
		};
		B623DCDC2BE4FA7100627D39 /* MusicPlayerUITests */ = {
			isa = PBXGroup;
			children = (
				B623DCDD2BE4FA7100627D39 /* MusicPlayerUITests.swift */,
				B623DCDF2BE4FA7100627D39 /* MusicPlayerUITestsLaunchTests.swift */,
			);
			path = MusicPlayerUITests;
			sourceTree = "<group>";
		};
/* End PBXGroup section */

/* Begin PBXNativeTarget section */
		B623DCB82BE4FA7000627D39 /* MusicPlayer */ = {
			isa = PBXNativeTarget;
			buildConfigurationList = B623DCE32BE4FA7100627D39 /* Build configuration list for PBXNativeTarget "MusicPlayer" */;
			buildPhases = (
				B623DCB52BE4FA7000627D39 /* Sources */,
				B623DCB62BE4FA7000627D39 /* Frameworks */,
				B623DCB72BE4FA7000627D39 /* Resources */,
			);
			buildRules = (
			);
			dependencies = (
			);
			name = MusicPlayer;
			productName = MusicPlayer;
			productReference = B623DCB92BE4FA7000627D39 /* MusicPlayer.app */;
			productType = "com.apple.product-type.application";
		};
		B623DCCE2BE4FA7100627D39 /* MusicPlayerTests */ = {
			isa = PBXNativeTarget;
			buildConfigurationList = B623DCE62BE4FA7100627D39 /* Build configuration list for PBXNativeTarget "MusicPlayerTests" */;
			buildPhases = (
				B623DCCB2BE4FA7100627D39 /* Sources */,
				B623DCCC2BE4FA7100627D39 /* Frameworks */,
				B623DCCD2BE4FA7100627D39 /* Resources */,
			);
			buildRules = (
			);
			dependencies = (
				B623DCD12BE4FA7100627D39 /* PBXTargetDependency */,
			);
			name = MusicPlayerTests;
			productName = MusicPlayerTests;
			productReference = B623DCCF2BE4FA7100627D39 /* MusicPlayerTests.xctest */;
			productType = "com.apple.product-type.bundle.unit-test";
		};
		B623DCD82BE4FA7100627D39 /* MusicPlayerUITests */ = {
			isa = PBXNativeTarget;
			buildConfigurationList = B623DCE92BE4FA7100627D39 /* Build configuration list for PBXNativeTarget "MusicPlayerUITests" */;
			buildPhases = (
				B623DCD52BE4FA7100627D39 /* Sources */,
				B623DCD62BE4FA7100627D39 /* Frameworks */,
				B623DCD72BE4FA7100627D39 /* Resources */,
			);
			buildRules = (
			);
			dependencies = (
				B623DCDB2BE4FA7100627D39 /* PBXTargetDependency */,
			);
			name = MusicPlayerUITests;
			productName = MusicPlayerUITests;
			productReference = B623DCD92BE4FA7100627D39 /* MusicPlayerUITests.xctest */;
			productType = "com.apple.product-type.bundle.ui-testing";
		};
/* End PBXNativeTarget section */

/* Begin PBXProject section */
		B623DCB12BE4FA7000627D39 /* Project object */ = {
			isa = PBXProject;
			attributes = {
				BuildIndependentTargetsInParallel = 1;
				LastSwiftUpdateCheck = 1530;
				LastUpgradeCheck = 1530;
				TargetAttributes = {
					B623DCB82BE4FA7000627D39 = {
						CreatedOnToolsVersion = 15.3;
					};
					B623DCCE2BE4FA7100627D39 = {
						CreatedOnToolsVersion = 15.3;
						TestTargetID = B623DCB82BE4FA7000627D39;
					};
					B623DCD82BE4FA7100627D39 = {
						CreatedOnToolsVersion = 15.3;
						TestTargetID = B623DCB82BE4FA7000627D39;
					};
				};
			};
			buildConfigurationList = B623DCB42BE4FA7000627D39 /* Build configuration list for PBXProject "MusicPlayer" */;
			compatibilityVersion = "Xcode 14.0";
			developmentRegion = en;
			hasScannedForEncodings = 0;
			knownRegions = (
				en,
				Base,
			);
			mainGroup = B623DCB02BE4FA7000627D39;
			productRefGroup = B623DCBA2BE4FA7000627D39 /* Products */;
			projectDirPath = "";
			projectRoot = "";
			targets = (
				B623DCB82BE4FA7000627D39 /* MusicPlayer */,
				B623DCCE2BE4FA7100627D39 /* MusicPlayerTests */,
				B623DCD82BE4FA7100627D39 /* MusicPlayerUITests */,
			);
		};
/* End PBXProject section */

/* Begin PBXResourcesBuildPhase section */
		B623DCB72BE4FA7000627D39 /* Resources */ = {
			isa = PBXResourcesBuildPhase;
			buildActionMask = 2147483647;
			files = (
				B623DCC62BE4FA7100627D39 /* Assets.xcassets in Resources */,
				B623DCC92BE4FA7100627D39 /* Base in Resources */,
				B623DCC42BE4FA7000627D39 /* Base in Resources */,
			);
			runOnlyForDeploymentPostprocessing = 0;
		};
		B623DCCD2BE4FA7100627D39 /* Resources */ = {
			isa = PBXResourcesBuildPhase;
			buildActionMask = 2147483647;
			files = (
			);
			runOnlyForDeploymentPostprocessing = 0;
		};
		B623DCD72BE4FA7100627D39 /* Resources */ = {
			isa = PBXResourcesBuildPhase;
			buildActionMask = 2147483647;
			files = (
			);
			runOnlyForDeploymentPostprocessing = 0;
		};
/* End PBXResourcesBuildPhase section */

/* Begin PBXSourcesBuildPhase section */
		B623DCB52BE4FA7000627D39 /* Sources */ = {
			isa = PBXSourcesBuildPhase;
			buildActionMask = 2147483647;
			files = (
				B623DCC12BE4FA7000627D39 /* ViewController.swift in Sources */,
				B623DCBD2BE4FA7000627D39 /* AppDelegate.swift in Sources */,
				B623DCBF2BE4FA7000627D39 /* SceneDelegate.swift in Sources */,
			);
			runOnlyForDeploymentPostprocessing = 0;
		};
		B623DCCB2BE4FA7100627D39 /* Sources */ = {
			isa = PBXSourcesBuildPhase;
			buildActionMask = 2147483647;
			files = (
				B623DCD42BE4FA7100627D39 /* MusicPlayerTests.swift in Sources */,
			);
			runOnlyForDeploymentPostprocessing = 0;
		};
		B623DCD52BE4FA7100627D39 /* Sources */ = {
			isa = PBXSourcesBuildPhase;
			buildActionMask = 2147483647;
			files = (
				B623DCDE2BE4FA7100627D39 /* MusicPlayerUITests.swift in Sources */,
				B623DCE02BE4FA7100627D39 /* MusicPlayerUITestsLaunchTests.swift in Sources */,
			);
			runOnlyForDeploymentPostprocessing = 0;
		};
/* End PBXSourcesBuildPhase section */

/* Begin PBXTargetDependency section */
		B623DCD12BE4FA7100627D39 /* PBXTargetDependency */ = {
			isa = PBXTargetDependency;
			target = B623DCB82BE4FA7000627D39 /* MusicPlayer */;
			targetProxy = B623DCD02BE4FA7100627D39 /* PBXContainerItemProxy */;
		};
		B623DCDB2BE4FA7100627D39 /* PBXTargetDependency */ = {
			isa = PBXTargetDependency;
			target = B623DCB82BE4FA7000627D39 /* MusicPlayer */;
			targetProxy = B623DCDA2BE4FA7100627D39 /* PBXContainerItemProxy */;
		};
/* End PBXTargetDependency section */

/* Begin PBXVariantGroup section */
		B623DCC22BE4FA7000627D39 /* Main.storyboard */ = {
			isa = PBXVariantGroup;
			children = (
				B623DCC32BE4FA7000627D39 /* Base */,
			);
			name = Main.storyboard;
			sourceTree = "<group>";
		};
		B623DCC72BE4FA7100627D39 /* LaunchScreen.storyboard */ = {
			isa = PBXVariantGroup;
			children = (
				B623DCC82BE4FA7100627D39 /* Base */,
			);
			name = LaunchScreen.storyboard;
			sourceTree = "<group>";
		};
/* End PBXVariantGroup section */

/* Begin XCBuildConfiguration section */
		B623DCE12BE4FA7100627D39 /* Debug */ = {
			isa = XCBuildConfiguration;
			buildSettings = {
				ALWAYS_SEARCH_USER_PATHS = NO;
				ASSETCATALOG_COMPILER_GENERATE_SWIFT_ASSET_SYMBOL_EXTENSIONS = YES;
				CLANG_ANALYZER_NONNULL = YES;
				CLANG_ANALYZER_NUMBER_OBJECT_CONVERSION = YES_AGGRESSIVE;
				CLANG_CXX_LANGUAGE_STANDARD = "gnu++20";
				CLANG_ENABLE_MODULES = YES;
				CLANG_ENABLE_OBJC_ARC = YES;
				CLANG_ENABLE_OBJC_WEAK = YES;
				CLANG_WARN_BLOCK_CAPTURE_AUTORELEASING = YES;
				CLANG_WARN_BOOL_CONVERSION = YES;
				CLANG_WARN_COMMA = YES;
				CLANG_WARN_CONSTANT_CONVERSION = YES;
				CLANG_WARN_DEPRECATED_OBJC_IMPLEMENTATIONS = YES;
				CLANG_WARN_DIRECT_OBJC_ISA_USAGE = YES_ERROR;
				CLANG_WARN_DOCUMENTATION_COMMENTS = YES;
				CLANG_WARN_EMPTY_BODY = YES;
				CLANG_WARN_ENUM_CONVERSION = YES;
				CLANG_WARN_INFINITE_RECURSION = YES;
				CLANG_WARN_INT_CONVERSION = YES;
				CLANG_WARN_NON_LITERAL_NULL_CONVERSION = YES;
				CLANG_WARN_OBJC_IMPLICIT_RETAIN_SELF = YES;
				CLANG_WARN_OBJC_LITERAL_CONVERSION = YES;
				CLANG_WARN_OBJC_ROOT_CLASS = YES_ERROR;
				CLANG_WARN_QUOTED_INCLUDE_IN_FRAMEWORK_HEADER = YES;
				CLANG_WARN_RANGE_LOOP_ANALYSIS = YES;
				CLANG_WARN_STRICT_PROTOTYPES = YES;
				CLANG_WARN_SUSPICIOUS_MOVE = YES;
				CLANG_WARN_UNGUARDED_AVAILABILITY = YES_AGGRESSIVE;
				CLANG_WARN_UNREACHABLE_CODE = YES;
				CLANG_WARN__DUPLICATE_METHOD_MATCH = YES;
				COPY_PHASE_STRIP = NO;
				DEBUG_INFORMATION_FORMAT = dwarf;
				ENABLE_STRICT_OBJC_MSGSEND = YES;
				ENABLE_TESTABILITY = YES;
				ENABLE_USER_SCRIPT_SANDBOXING = YES;
				GCC_C_LANGUAGE_STANDARD = gnu17;
				GCC_DYNAMIC_NO_PIC = NO;
				GCC_NO_COMMON_BLOCKS = YES;
				GCC_OPTIMIZATION_LEVEL = 0;
				GCC_PREPROCESSOR_DEFINITIONS = (
					"DEBUG=1",
					"$(inherited)",
				);
				GCC_WARN_64_TO_32_BIT_CONVERSION = YES;
				GCC_WARN_ABOUT_RETURN_TYPE = YES_ERROR;
				GCC_WARN_UNDECLARED_SELECTOR = YES;
				GCC_WARN_UNINITIALIZED_AUTOS = YES_AGGRESSIVE;
				GCC_WARN_UNUSED_FUNCTION = YES;
				GCC_WARN_UNUSED_VARIABLE = YES;
				IPHONEOS_DEPLOYMENT_TARGET = 17.4;
				LOCALIZATION_PREFERS_STRING_CATALOGS = YES;
				MTL_ENABLE_DEBUG_INFO = INCLUDE_SOURCE;
				MTL_FAST_MATH = YES;
				ONLY_ACTIVE_ARCH = YES;
				SDKROOT = iphoneos;
				SWIFT_ACTIVE_COMPILATION_CONDITIONS = "DEBUG $(inherited)";
				SWIFT_OPTIMIZATION_LEVEL = "-Onone";
			};
			name = Debug;
		};
		B623DCE22BE4FA7100627D39 /* Release */ = {
			isa = XCBuildConfiguration;
			buildSettings = {
				ALWAYS_SEARCH_USER_PATHS = NO;
				ASSETCATALOG_COMPILER_GENERATE_SWIFT_ASSET_SYMBOL_EXTENSIONS = YES;
				CLANG_ANALYZER_NONNULL = YES;
				CLANG_ANALYZER_NUMBER_OBJECT_CONVERSION = YES_AGGRESSIVE;
				CLANG_CXX_LANGUAGE_STANDARD = "gnu++20";
				CLANG_ENABLE_MODULES = YES;
				CLANG_ENABLE_OBJC_ARC = YES;
				CLANG_ENABLE_OBJC_WEAK = YES;
				CLANG_WARN_BLOCK_CAPTURE_AUTORELEASING = YES;
				CLANG_WARN_BOOL_CONVERSION = YES;
				CLANG_WARN_COMMA = YES;
				CLANG_WARN_CONSTANT_CONVERSION = YES;
				CLANG_WARN_DEPRECATED_OBJC_IMPLEMENTATIONS = YES;
				CLANG_WARN_DIRECT_OBJC_ISA_USAGE = YES_ERROR;
				CLANG_WARN_DOCUMENTATION_COMMENTS = YES;
				CLANG_WARN_EMPTY_BODY = YES;
				CLANG_WARN_ENUM_CONVERSION = YES;
				CLANG_WARN_INFINITE_RECURSION = YES;
				CLANG_WARN_INT_CONVERSION = YES;
				CLANG_WARN_NON_LITERAL_NULL_CONVERSION = YES;
				CLANG_WARN_OBJC_IMPLICIT_RETAIN_SELF = YES;
				CLANG_WARN_OBJC_LITERAL_CONVERSION = YES;
				CLANG_WARN_OBJC_ROOT_CLASS = YES_ERROR;
				CLANG_WARN_QUOTED_INCLUDE_IN_FRAMEWORK_HEADER = YES;
				CLANG_WARN_RANGE_LOOP_ANALYSIS = YES;
				CLANG_WARN_STRICT_PROTOTYPES = YES;
				CLANG_WARN_SUSPICIOUS_MOVE = YES;
				CLANG_WARN_UNGUARDED_AVAILABILITY = YES_AGGRESSIVE;
				CLANG_WARN_UNREACHABLE_CODE = YES;
				CLANG_WARN__DUPLICATE_METHOD_MATCH = YES;
				COPY_PHASE_STRIP = NO;
				DEBUG_INFORMATION_FORMAT = "dwarf-with-dsym";
				ENABLE_NS_ASSERTIONS = NO;
				ENABLE_STRICT_OBJC_MSGSEND = YES;
				ENABLE_USER_SCRIPT_SANDBOXING = YES;
				GCC_C_LANGUAGE_STANDARD = gnu17;
				GCC_NO_COMMON_BLOCKS = YES;
				GCC_WARN_64_TO_32_BIT_CONVERSION = YES;
				GCC_WARN_ABOUT_RETURN_TYPE = YES_ERROR;
				GCC_WARN_UNDECLARED_SELECTOR = YES;
				GCC_WARN_UNINITIALIZED_AUTOS = YES_AGGRESSIVE;
				GCC_WARN_UNUSED_FUNCTION = YES;
				GCC_WARN_UNUSED_VARIABLE = YES;
				IPHONEOS_DEPLOYMENT_TARGET = 17.4;
				LOCALIZATION_PREFERS_STRING_CATALOGS = YES;
				MTL_ENABLE_DEBUG_INFO = NO;
				MTL_FAST_MATH = YES;
				SDKROOT = iphoneos;
				SWIFT_COMPILATION_MODE = wholemodule;
				VALIDATE_PRODUCT = YES;
			};
			name = Release;
		};
		B623DCE42BE4FA7100627D39 /* Debug */ = {
			isa = XCBuildConfiguration;
			buildSettings = {
				ASSETCATALOG_COMPILER_APPICON_NAME = AppIcon;
				ASSETCATALOG_COMPILER_GLOBAL_ACCENT_COLOR_NAME = AccentColor;
				CODE_SIGN_STYLE = Automatic;
				CURRENT_PROJECT_VERSION = 1;
				DEVELOPMENT_TEAM = U43A7X58YW;
				GENERATE_INFOPLIST_FILE = YES;
				INFOPLIST_FILE = MusicPlayer/Info.plist;
				INFOPLIST_KEY_UIApplicationSupportsIndirectInputEvents = YES;
				INFOPLIST_KEY_UILaunchStoryboardName = LaunchScreen;
				INFOPLIST_KEY_UIMainStoryboardFile = Main;
				INFOPLIST_KEY_UISupportedInterfaceOrientations_iPad = "UIInterfaceOrientationPortrait UIInterfaceOrientationPortraitUpsideDown UIInterfaceOrientationLandscapeLeft UIInterfaceOrientationLandscapeRight";
				INFOPLIST_KEY_UISupportedInterfaceOrientations_iPhone = "UIInterfaceOrientationPortrait UIInterfaceOrientationLandscapeLeft UIInterfaceOrientationLandscapeRight";
				LD_RUNPATH_SEARCH_PATHS = (
					"$(inherited)",
					"@executable_path/Frameworks",
				);
				MARKETING_VERSION = 1.0;
				PRODUCT_BUNDLE_IDENTIFIER = me.gregoriusyuristama.MusicPlayer;
				PRODUCT_NAME = "$(TARGET_NAME)";
				SUPPORTED_PLATFORMS = "iphoneos iphonesimulator";
				SUPPORTS_MACCATALYST = NO;
				SUPPORTS_MAC_DESIGNED_FOR_IPHONE_IPAD = NO;
				SUPPORTS_XR_DESIGNED_FOR_IPHONE_IPAD = NO;
				SWIFT_EMIT_LOC_STRINGS = YES;
				SWIFT_VERSION = 5.0;
				TARGETED_DEVICE_FAMILY = 1;
			};
			name = Debug;
		};
		B623DCE52BE4FA7100627D39 /* Release */ = {
			isa = XCBuildConfiguration;
			buildSettings = {
				ASSETCATALOG_COMPILER_APPICON_NAME = AppIcon;
				ASSETCATALOG_COMPILER_GLOBAL_ACCENT_COLOR_NAME = AccentColor;
				CODE_SIGN_STYLE = Automatic;
				CURRENT_PROJECT_VERSION = 1;
				DEVELOPMENT_TEAM = U43A7X58YW;
				GENERATE_INFOPLIST_FILE = YES;
				INFOPLIST_FILE = MusicPlayer/Info.plist;
				INFOPLIST_KEY_UIApplicationSupportsIndirectInputEvents = YES;
				INFOPLIST_KEY_UILaunchStoryboardName = LaunchScreen;
				INFOPLIST_KEY_UIMainStoryboardFile = Main;
				INFOPLIST_KEY_UISupportedInterfaceOrientations_iPad = "UIInterfaceOrientationPortrait UIInterfaceOrientationPortraitUpsideDown UIInterfaceOrientationLandscapeLeft UIInterfaceOrientationLandscapeRight";
				INFOPLIST_KEY_UISupportedInterfaceOrientations_iPhone = "UIInterfaceOrientationPortrait UIInterfaceOrientationLandscapeLeft UIInterfaceOrientationLandscapeRight";
				LD_RUNPATH_SEARCH_PATHS = (
					"$(inherited)",
					"@executable_path/Frameworks",
				);
				MARKETING_VERSION = 1.0;
				PRODUCT_BUNDLE_IDENTIFIER = me.gregoriusyuristama.MusicPlayer;
				PRODUCT_NAME = "$(TARGET_NAME)";
				SUPPORTED_PLATFORMS = "iphoneos iphonesimulator";
				SUPPORTS_MACCATALYST = NO;
				SUPPORTS_MAC_DESIGNED_FOR_IPHONE_IPAD = NO;
				SUPPORTS_XR_DESIGNED_FOR_IPHONE_IPAD = NO;
				SWIFT_EMIT_LOC_STRINGS = YES;
				SWIFT_VERSION = 5.0;
				TARGETED_DEVICE_FAMILY = 1;
			};
			name = Release;
		};
		B623DCE72BE4FA7100627D39 /* Debug */ = {
			isa = XCBuildConfiguration;
			buildSettings = {
				ALWAYS_EMBED_SWIFT_STANDARD_LIBRARIES = YES;
				BUNDLE_LOADER = "$(TEST_HOST)";
				CODE_SIGN_STYLE = Automatic;
				CURRENT_PROJECT_VERSION = 1;
				DEVELOPMENT_TEAM = U43A7X58YW;
				GENERATE_INFOPLIST_FILE = YES;
				IPHONEOS_DEPLOYMENT_TARGET = 17.4;
				MARKETING_VERSION = 1.0;
				PRODUCT_BUNDLE_IDENTIFIER = me.gregoriusyuristama.MusicPlayerTests;
				PRODUCT_NAME = "$(TARGET_NAME)";
				SWIFT_EMIT_LOC_STRINGS = NO;
				SWIFT_VERSION = 5.0;
				TARGETED_DEVICE_FAMILY = "1,2";
				TEST_HOST = "$(BUILT_PRODUCTS_DIR)/MusicPlayer.app/$(BUNDLE_EXECUTABLE_FOLDER_PATH)/MusicPlayer";
			};
			name = Debug;
		};
		B623DCE82BE4FA7100627D39 /* Release */ = {
			isa = XCBuildConfiguration;
			buildSettings = {
				ALWAYS_EMBED_SWIFT_STANDARD_LIBRARIES = YES;
				BUNDLE_LOADER = "$(TEST_HOST)";
				CODE_SIGN_STYLE = Automatic;
				CURRENT_PROJECT_VERSION = 1;
				DEVELOPMENT_TEAM = U43A7X58YW;
				GENERATE_INFOPLIST_FILE = YES;
				IPHONEOS_DEPLOYMENT_TARGET = 17.4;
				MARKETING_VERSION = 1.0;
				PRODUCT_BUNDLE_IDENTIFIER = me.gregoriusyuristama.MusicPlayerTests;
				PRODUCT_NAME = "$(TARGET_NAME)";
				SWIFT_EMIT_LOC_STRINGS = NO;
				SWIFT_VERSION = 5.0;
				TARGETED_DEVICE_FAMILY = "1,2";
				TEST_HOST = "$(BUILT_PRODUCTS_DIR)/MusicPlayer.app/$(BUNDLE_EXECUTABLE_FOLDER_PATH)/MusicPlayer";
			};
			name = Release;
		};
		B623DCEA2BE4FA7100627D39 /* Debug */ = {
			isa = XCBuildConfiguration;
			buildSettings = {
				ALWAYS_EMBED_SWIFT_STANDARD_LIBRARIES = YES;
				CODE_SIGN_STYLE = Automatic;
				CURRENT_PROJECT_VERSION = 1;
				DEVELOPMENT_TEAM = U43A7X58YW;
				GENERATE_INFOPLIST_FILE = YES;
				MARKETING_VERSION = 1.0;
				PRODUCT_BUNDLE_IDENTIFIER = me.gregoriusyuristama.MusicPlayerUITests;
				PRODUCT_NAME = "$(TARGET_NAME)";
				SWIFT_EMIT_LOC_STRINGS = NO;
				SWIFT_VERSION = 5.0;
				TARGETED_DEVICE_FAMILY = "1,2";
				TEST_TARGET_NAME = MusicPlayer;
			};
			name = Debug;
		};
		B623DCEB2BE4FA7100627D39 /* Release */ = {
			isa = XCBuildConfiguration;
			buildSettings = {
				ALWAYS_EMBED_SWIFT_STANDARD_LIBRARIES = YES;
				CODE_SIGN_STYLE = Automatic;
				CURRENT_PROJECT_VERSION = 1;
				DEVELOPMENT_TEAM = U43A7X58YW;
				GENERATE_INFOPLIST_FILE = YES;
				MARKETING_VERSION = 1.0;
				PRODUCT_BUNDLE_IDENTIFIER = me.gregoriusyuristama.MusicPlayerUITests;
				PRODUCT_NAME = "$(TARGET_NAME)";
				SWIFT_EMIT_LOC_STRINGS = NO;
				SWIFT_VERSION = 5.0;
				TARGETED_DEVICE_FAMILY = "1,2";
				TEST_TARGET_NAME = MusicPlayer;
			};
			name = Release;
		};
/* End XCBuildConfiguration section */

/* Begin XCConfigurationList section */
		B623DCB42BE4FA7000627D39 /* Build configuration list for PBXProject "MusicPlayer" */ = {
			isa = XCConfigurationList;
			buildConfigurations = (
				B623DCE12BE4FA7100627D39 /* Debug */,
				B623DCE22BE4FA7100627D39 /* Release */,
			);
			defaultConfigurationIsVisible = 0;
			defaultConfigurationName = Release;
		};
		B623DCE32BE4FA7100627D39 /* Build configuration list for PBXNativeTarget "MusicPlayer" */ = {
			isa = XCConfigurationList;
			buildConfigurations = (
				B623DCE42BE4FA7100627D39 /* Debug */,
				B623DCE52BE4FA7100627D39 /* Release */,
			);
			defaultConfigurationIsVisible = 0;
			defaultConfigurationName = Release;
		};
		B623DCE62BE4FA7100627D39 /* Build configuration list for PBXNativeTarget "MusicPlayerTests" */ = {
			isa = XCConfigurationList;
			buildConfigurations = (
				B623DCE72BE4FA7100627D39 /* Debug */,
				B623DCE82BE4FA7100627D39 /* Release */,
			);
			defaultConfigurationIsVisible = 0;
			defaultConfigurationName = Release;
		};
		B623DCE92BE4FA7100627D39 /* Build configuration list for PBXNativeTarget "MusicPlayerUITests" */ = {
			isa = XCConfigurationList;
			buildConfigurations = (
				B623DCEA2BE4FA7100627D39 /* Debug */,
				B623DCEB2BE4FA7100627D39 /* Release */,
			);
			defaultConfigurationIsVisible = 0;
			defaultConfigurationName = Release;
		};
/* End XCConfigurationList section */
	};
	rootObject = B623DCB12BE4FA7000627D39 /* Project object */;
}
