// !$*UTF8*$!
{
	archiveVersion = 1;
	classes = {
	};
	objectVersion = 56;
	objects = {

/* Begin PBXBuildFile section */
		B623DCBD2BE4FA7000627D39 /* AppDelegate.swift in Sources */ = {isa = PBXBuildFile; fileRef = B623DCBC2BE4FA7000627D39 /* AppDelegate.swift */; };
		B623DCBF2BE4FA7000627D39 /* SceneDelegate.swift in Sources */ = {isa = PBXBuildFile; fileRef = B623DCBE2BE4FA7000627D39 /* SceneDelegate.swift */; };
		B623DCC12BE4FA7000627D39 /* MusicListViewController.swift in Sources */ = {isa = PBXBuildFile; fileRef = B623DCC02BE4FA7000627D39 /* MusicListViewController.swift */; };
		B623DCC62BE4FA7100627D39 /* Assets.xcassets in Resources */ = {isa = PBXBuildFile; fileRef = B623DCC52BE4FA7100627D39 /* Assets.xcassets */; };
		B623DCC92BE4FA7100627D39 /* Base in Resources */ = {isa = PBXBuildFile; fileRef = B623DCC82BE4FA7100627D39 /* Base */; };
		B623DCF82BE5074300627D39 /* MusicModel.swift in Sources */ = {isa = PBXBuildFile; fileRef = B623DCF72BE5074300627D39 /* MusicModel.swift */; };
		B623DCFA2BE507D700627D39 /* MusicResponse.swift in Sources */ = {isa = PBXBuildFile; fileRef = B623DCF92BE507D700627D39 /* MusicResponse.swift */; };
		B623DCFC2BE5085E00627D39 /* ItunesService.swift in Sources */ = {isa = PBXBuildFile; fileRef = B623DCFB2BE5085E00627D39 /* ItunesService.swift */; };
		B623DD062BE50C2500627D39 /* MusicListViewModel.swift in Sources */ = {isa = PBXBuildFile; fileRef = B623DD052BE50C2500627D39 /* MusicListViewModel.swift */; };
		B623DD082BE50CE200627D39 /* Music.swift in Sources */ = {isa = PBXBuildFile; fileRef = B623DD072BE50CE200627D39 /* Music.swift */; };
		B623DD0A2BE50E1100627D39 /* MusicListRepository.swift in Sources */ = {isa = PBXBuildFile; fileRef = B623DD092BE50E1100627D39 /* MusicListRepository.swift */; };
		B623DD0C2BE50F5400627D39 /* MusicListRepositoryProtocol.swift in Sources */ = {isa = PBXBuildFile; fileRef = B623DD0B2BE50F5400627D39 /* MusicListRepositoryProtocol.swift */; };
		B623DD0E2BE5129800627D39 /* MusicTableViewCell.swift in Sources */ = {isa = PBXBuildFile; fileRef = B623DD0D2BE5129800627D39 /* MusicTableViewCell.swift */; };
		B623DD112BE5272900627D39 /* DispatchQueue+AsyncDeduped.swift in Sources */ = {isa = PBXBuildFile; fileRef = B623DD102BE5272900627D39 /* DispatchQueue+AsyncDeduped.swift */; };
		B623DD1F2BE5401700627D39 /* LoadingManager.swift in Sources */ = {isa = PBXBuildFile; fileRef = B623DD1E2BE5401700627D39 /* LoadingManager.swift */; };
		B623DD212BE5407200627D39 /* UIAppplication+keyWindow.swift in Sources */ = {isa = PBXBuildFile; fileRef = B623DD202BE5407200627D39 /* UIAppplication+keyWindow.swift */; };
		B62C87CD2BE637EE0021FCD3 /* MockEntity.swift in Sources */ = {isa = PBXBuildFile; fileRef = B62C87CC2BE637EE0021FCD3 /* MockEntity.swift */; };
		B62C87D02BE63AC90021FCD3 /* MusicListViewModelTest.swift in Sources */ = {isa = PBXBuildFile; fileRef = B62C87CF2BE63AC90021FCD3 /* MusicListViewModelTest.swift */; };
		B638055F2BE6C3C800157A30 /* MusicListRepositoryTest.swift in Sources */ = {isa = PBXBuildFile; fileRef = B638055E2BE6C3C800157A30 /* MusicListRepositoryTest.swift */; };
		B63805622BE6C78900157A30 /* MusicServiceTest.swift in Sources */ = {isa = PBXBuildFile; fileRef = B63805612BE6C78900157A30 /* MusicServiceTest.swift */; };
		B63805642BE6C82100157A30 /* MockMusicService.swift in Sources */ = {isa = PBXBuildFile; fileRef = B63805632BE6C82100157A30 /* MockMusicService.swift */; };
		B63805662BE74C6F00157A30 /* AppLabel.swift in Sources */ = {isa = PBXBuildFile; fileRef = B63805652BE74C6F00157A30 /* AppLabel.swift */; };
		B63805682BE74E1D00157A30 /* Decimal.swift in Sources */ = {isa = PBXBuildFile; fileRef = B63805672BE74E1D00157A30 /* Decimal.swift */; };
		B638056A2BE74FF800157A30 /* ColorPath.swift in Sources */ = {isa = PBXBuildFile; fileRef = B63805692BE74FF800157A30 /* ColorPath.swift */; };
		B638056C2BE752E500157A30 /* ResourcePath.swift in Sources */ = {isa = PBXBuildFile; fileRef = B638056B2BE752E500157A30 /* ResourcePath.swift */; };
		B638056F2BE755C900157A30 /* FontTheme.swift in Sources */ = {isa = PBXBuildFile; fileRef = B638056E2BE755C900157A30 /* FontTheme.swift */; };
		B63805712BE75CA300157A30 /* ButtonImageComponent.swift in Sources */ = {isa = PBXBuildFile; fileRef = B63805702BE75CA300157A30 /* ButtonImageComponent.swift */; };
		B6469D2D2BE54E6F005DD431 /* AudioPlayerManager.swift in Sources */ = {isa = PBXBuildFile; fileRef = B6469D2C2BE54E6F005DD431 /* AudioPlayerManager.swift */; };
		B6469D2F2BE555FC005DD431 /* MusicPlayerView.swift in Sources */ = {isa = PBXBuildFile; fileRef = B6469D2E2BE555FC005DD431 /* MusicPlayerView.swift */; };
		B6469D342BE5E188005DD431 /* ErrorManager.swift in Sources */ = {isa = PBXBuildFile; fileRef = B6469D332BE5E188005DD431 /* ErrorManager.swift */; };
		B6469D372BE5E67B005DD431 /* AudioPlayerDelegate.swift in Sources */ = {isa = PBXBuildFile; fileRef = B6469D362BE5E67B005DD431 /* AudioPlayerDelegate.swift */; };
		B68F21C52BE6A2B400452F27 /* GetMusicListFromNameUseCase.swift in Sources */ = {isa = PBXBuildFile; fileRef = B68F21C42BE6A2B400452F27 /* GetMusicListFromNameUseCase.swift */; };
		B69D16E82BE6AD9100F78622 /* AudioPlayerManagerTest.swift in Sources */ = {isa = PBXBuildFile; fileRef = B69D16E72BE6AD9100F78622 /* AudioPlayerManagerTest.swift */; };
		B69D16EB2BE6B9B400F78622 /* ErrorManagerTest.swift in Sources */ = {isa = PBXBuildFile; fileRef = B69D16EA2BE6B9B400F78622 /* ErrorManagerTest.swift */; };
		B69D16EE2BE6BCD600F78622 /* GetMusicListFromTrackNameTest.swift in Sources */ = {isa = PBXBuildFile; fileRef = B69D16ED2BE6BCD600F78622 /* GetMusicListFromTrackNameTest.swift */; };
/* End PBXBuildFile section */

/* Begin PBXContainerItemProxy section */
		B623DCD02BE4FA7100627D39 /* PBXContainerItemProxy */ = {
			isa = PBXContainerItemProxy;
			containerPortal = B623DCB12BE4FA7000627D39 /* Project object */;
			proxyType = 1;
			remoteGlobalIDString = B623DCB82BE4FA7000627D39;
			remoteInfo = MusicPlayer;
		};
/* End PBXContainerItemProxy section */

/* Begin PBXFileReference section */
		B623DCB92BE4FA7000627D39 /* MusicPlayer.app */ = {isa = PBXFileReference; explicitFileType = wrapper.application; includeInIndex = 0; path = MusicPlayer.app; sourceTree = BUILT_PRODUCTS_DIR; };
		B623DCBC2BE4FA7000627D39 /* AppDelegate.swift */ = {isa = PBXFileReference; lastKnownFileType = sourcecode.swift; path = AppDelegate.swift; sourceTree = "<group>"; };
		B623DCBE2BE4FA7000627D39 /* SceneDelegate.swift */ = {isa = PBXFileReference; lastKnownFileType = sourcecode.swift; path = SceneDelegate.swift; sourceTree = "<group>"; };
		B623DCC02BE4FA7000627D39 /* MusicListViewController.swift */ = {isa = PBXFileReference; lastKnownFileType = sourcecode.swift; path = MusicListViewController.swift; sourceTree = "<group>"; };
		B623DCC52BE4FA7100627D39 /* Assets.xcassets */ = {isa = PBXFileReference; lastKnownFileType = folder.assetcatalog; path = Assets.xcassets; sourceTree = "<group>"; };
		B623DCC82BE4FA7100627D39 /* Base */ = {isa = PBXFileReference; lastKnownFileType = file.storyboard; name = Base; path = Base.lproj/LaunchScreen.storyboard; sourceTree = "<group>"; };
		B623DCCA2BE4FA7100627D39 /* Info.plist */ = {isa = PBXFileReference; lastKnownFileType = text.plist.xml; path = Info.plist; sourceTree = "<group>"; };
		B623DCCF2BE4FA7100627D39 /* MusicPlayerTests.xctest */ = {isa = PBXFileReference; explicitFileType = wrapper.cfbundle; includeInIndex = 0; path = MusicPlayerTests.xctest; sourceTree = BUILT_PRODUCTS_DIR; };
		B623DCF72BE5074300627D39 /* MusicModel.swift */ = {isa = PBXFileReference; lastKnownFileType = sourcecode.swift; path = MusicModel.swift; sourceTree = "<group>"; };
		B623DCF92BE507D700627D39 /* MusicResponse.swift */ = {isa = PBXFileReference; lastKnownFileType = sourcecode.swift; path = MusicResponse.swift; sourceTree = "<group>"; };
		B623DCFB2BE5085E00627D39 /* ItunesService.swift */ = {isa = PBXFileReference; lastKnownFileType = sourcecode.swift; path = ItunesService.swift; sourceTree = "<group>"; };
		B623DD052BE50C2500627D39 /* MusicListViewModel.swift */ = {isa = PBXFileReference; lastKnownFileType = sourcecode.swift; path = MusicListViewModel.swift; sourceTree = "<group>"; };
		B623DD072BE50CE200627D39 /* Music.swift */ = {isa = PBXFileReference; lastKnownFileType = sourcecode.swift; path = Music.swift; sourceTree = "<group>"; };
		B623DD092BE50E1100627D39 /* MusicListRepository.swift */ = {isa = PBXFileReference; lastKnownFileType = sourcecode.swift; path = MusicListRepository.swift; sourceTree = "<group>"; };
		B623DD0B2BE50F5400627D39 /* MusicListRepositoryProtocol.swift */ = {isa = PBXFileReference; lastKnownFileType = sourcecode.swift; path = MusicListRepositoryProtocol.swift; sourceTree = "<group>"; };
		B623DD0D2BE5129800627D39 /* MusicTableViewCell.swift */ = {isa = PBXFileReference; lastKnownFileType = sourcecode.swift; path = MusicTableViewCell.swift; sourceTree = "<group>"; };
		B623DD102BE5272900627D39 /* DispatchQueue+AsyncDeduped.swift */ = {isa = PBXFileReference; lastKnownFileType = sourcecode.swift; path = "DispatchQueue+AsyncDeduped.swift"; sourceTree = "<group>"; };
		B623DD1E2BE5401700627D39 /* LoadingManager.swift */ = {isa = PBXFileReference; lastKnownFileType = sourcecode.swift; path = LoadingManager.swift; sourceTree = "<group>"; };
		B623DD202BE5407200627D39 /* UIAppplication+keyWindow.swift */ = {isa = PBXFileReference; lastKnownFileType = sourcecode.swift; path = "UIAppplication+keyWindow.swift"; sourceTree = "<group>"; };
		B62C87CC2BE637EE0021FCD3 /* MockEntity.swift */ = {isa = PBXFileReference; lastKnownFileType = sourcecode.swift; path = MockEntity.swift; sourceTree = "<group>"; };
		B62C87CF2BE63AC90021FCD3 /* MusicListViewModelTest.swift */ = {isa = PBXFileReference; lastKnownFileType = sourcecode.swift; path = MusicListViewModelTest.swift; sourceTree = "<group>"; };
		B638055E2BE6C3C800157A30 /* MusicListRepositoryTest.swift */ = {isa = PBXFileReference; lastKnownFileType = sourcecode.swift; path = MusicListRepositoryTest.swift; sourceTree = "<group>"; };
		B63805612BE6C78900157A30 /* MusicServiceTest.swift */ = {isa = PBXFileReference; lastKnownFileType = sourcecode.swift; path = MusicServiceTest.swift; sourceTree = "<group>"; };
		B63805632BE6C82100157A30 /* MockMusicService.swift */ = {isa = PBXFileReference; lastKnownFileType = sourcecode.swift; path = MockMusicService.swift; sourceTree = "<group>"; };
		B63805652BE74C6F00157A30 /* AppLabel.swift */ = {isa = PBXFileReference; lastKnownFileType = sourcecode.swift; path = AppLabel.swift; sourceTree = "<group>"; };
		B63805672BE74E1D00157A30 /* Decimal.swift */ = {isa = PBXFileReference; lastKnownFileType = sourcecode.swift; path = Decimal.swift; sourceTree = "<group>"; };
		B63805692BE74FF800157A30 /* ColorPath.swift */ = {isa = PBXFileReference; lastKnownFileType = sourcecode.swift; path = ColorPath.swift; sourceTree = "<group>"; };
		B638056B2BE752E500157A30 /* ResourcePath.swift */ = {isa = PBXFileReference; lastKnownFileType = sourcecode.swift; path = ResourcePath.swift; sourceTree = "<group>"; };
		B638056E2BE755C900157A30 /* FontTheme.swift */ = {isa = PBXFileReference; lastKnownFileType = sourcecode.swift; path = FontTheme.swift; sourceTree = "<group>"; };
		B63805702BE75CA300157A30 /* ButtonImageComponent.swift */ = {isa = PBXFileReference; lastKnownFileType = sourcecode.swift; path = ButtonImageComponent.swift; sourceTree = "<group>"; };
		B6469D2C2BE54E6F005DD431 /* AudioPlayerManager.swift */ = {isa = PBXFileReference; lastKnownFileType = sourcecode.swift; path = AudioPlayerManager.swift; sourceTree = "<group>"; };
		B6469D2E2BE555FC005DD431 /* MusicPlayerView.swift */ = {isa = PBXFileReference; lastKnownFileType = sourcecode.swift; path = MusicPlayerView.swift; sourceTree = "<group>"; };
		B6469D332BE5E188005DD431 /* ErrorManager.swift */ = {isa = PBXFileReference; lastKnownFileType = sourcecode.swift; path = ErrorManager.swift; sourceTree = "<group>"; };
		B6469D362BE5E67B005DD431 /* AudioPlayerDelegate.swift */ = {isa = PBXFileReference; lastKnownFileType = sourcecode.swift; path = AudioPlayerDelegate.swift; sourceTree = "<group>"; };
		B68F21C42BE6A2B400452F27 /* GetMusicListFromNameUseCase.swift */ = {isa = PBXFileReference; lastKnownFileType = sourcecode.swift; path = GetMusicListFromNameUseCase.swift; sourceTree = "<group>"; };
		B69D16E72BE6AD9100F78622 /* AudioPlayerManagerTest.swift */ = {isa = PBXFileReference; lastKnownFileType = sourcecode.swift; path = AudioPlayerManagerTest.swift; sourceTree = "<group>"; };
		B69D16EA2BE6B9B400F78622 /* ErrorManagerTest.swift */ = {isa = PBXFileReference; lastKnownFileType = sourcecode.swift; path = ErrorManagerTest.swift; sourceTree = "<group>"; };
		B69D16ED2BE6BCD600F78622 /* GetMusicListFromTrackNameTest.swift */ = {isa = PBXFileReference; lastKnownFileType = sourcecode.swift; path = GetMusicListFromTrackNameTest.swift; sourceTree = "<group>"; };
/* End PBXFileReference section */

/* Begin PBXFrameworksBuildPhase section */
		B623DCB62BE4FA7000627D39 /* Frameworks */ = {
			isa = PBXFrameworksBuildPhase;
			buildActionMask = 2147483647;
			files = (
			);
			runOnlyForDeploymentPostprocessing = 0;
		};
		B623DCCC2BE4FA7100627D39 /* Frameworks */ = {
			isa = PBXFrameworksBuildPhase;
			buildActionMask = 2147483647;
			files = (
			);
			runOnlyForDeploymentPostprocessing = 0;
		};
/* End PBXFrameworksBuildPhase section */

/* Begin PBXGroup section */
		B623DCB02BE4FA7000627D39 = {
			isa = PBXGroup;
			children = (
				B623DCBB2BE4FA7000627D39 /* MusicPlayer */,
				B623DCD22BE4FA7100627D39 /* MusicPlayerTests */,
				B623DCBA2BE4FA7000627D39 /* Products */,
			);
			sourceTree = "<group>";
		};
		B623DCBA2BE4FA7000627D39 /* Products */ = {
			isa = PBXGroup;
			children = (
				B623DCB92BE4FA7000627D39 /* MusicPlayer.app */,
				B623DCCF2BE4FA7100627D39 /* MusicPlayerTests.xctest */,
			);
			name = Products;
			sourceTree = "<group>";
		};
		B623DCBB2BE4FA7000627D39 /* MusicPlayer */ = {
			isa = PBXGroup;
			children = (
				B623DCCA2BE4FA7100627D39 /* Info.plist */,
				B623DCEC2BE5010C00627D39 /* Application */,
				B623DCF22BE5018200627D39 /* Features */,
				B623DCED2BE5011B00627D39 /* Core */,
			);
			path = MusicPlayer;
			sourceTree = "<group>";
		};
		B623DCD22BE4FA7100627D39 /* MusicPlayerTests */ = {
			isa = PBXGroup;
			children = (
				B638055D2BE6C3B200157A30 /* Repository */,
				B69D16EC2BE6BCAB00F78622 /* UseCases */,
				B69D16E52BE6AD7900F78622 /* Utilities */,
				B62C87CE2BE63ABD0021FCD3 /* ViewModel */,
				B62C87CC2BE637EE0021FCD3 /* MockEntity.swift */,
				B63805632BE6C82100157A30 /* MockMusicService.swift */,
			);
			path = MusicPlayerTests;
			sourceTree = "<group>";
		};
		B623DCEC2BE5010C00627D39 /* Application */ = {
			isa = PBXGroup;
			children = (
				B623DCBC2BE4FA7000627D39 /* AppDelegate.swift */,
				B623DCBE2BE4FA7000627D39 /* SceneDelegate.swift */,
				B623DCC72BE4FA7100627D39 /* LaunchScreen.storyboard */,
			);
			path = Application;
			sourceTree = "<group>";
		};
		B623DCED2BE5011B00627D39 /* Core */ = {
			isa = PBXGroup;
			children = (
				B623DCEE2BE5013200627D39 /* Constants */,
				B623DCF42BE5069B00627D39 /* Data */,
				B623DCEF2BE5013800627D39 /* Extension */,
				B623DCF12BE5016500627D39 /* Resources */,
				B623DD192BE53E6C00627D39 /* Themes */,
				B623DCF02BE5013D00627D39 /* Utilities */,
			);
			path = Core;
			sourceTree = "<group>";
		};
		B623DCEE2BE5013200627D39 /* Constants */ = {
			isa = PBXGroup;
			children = (
				B63805652BE74C6F00157A30 /* AppLabel.swift */,
				B63805672BE74E1D00157A30 /* Decimal.swift */,
				B63805692BE74FF800157A30 /* ColorPath.swift */,
				B638056B2BE752E500157A30 /* ResourcePath.swift */,
			);
			path = Constants;
			sourceTree = "<group>";
		};
		B623DCEF2BE5013800627D39 /* Extension */ = {
			isa = PBXGroup;
			children = (
				B623DD102BE5272900627D39 /* DispatchQueue+AsyncDeduped.swift */,
				B623DD202BE5407200627D39 /* UIAppplication+keyWindow.swift */,
			);
			path = Extension;
			sourceTree = "<group>";
		};
		B623DCF02BE5013D00627D39 /* Utilities */ = {
			isa = PBXGroup;
			children = (
				B6469D2B2BE54E50005DD431 /* AudioPlayer */,
				B6469D352BE5E4DB005DD431 /* ErrorManager */,
				B623DD1D2BE5401000627D39 /* LoadingManager */,
				B623DD0F2BE5130D00627D39 /* MusicService */,
			);
			path = Utilities;
			sourceTree = "<group>";
		};
		B623DCF12BE5016500627D39 /* Resources */ = {
			isa = PBXGroup;
			children = (
				B623DCC52BE4FA7100627D39 /* Assets.xcassets */,
			);
			path = Resources;
			sourceTree = "<group>";
		};
		B623DCF22BE5018200627D39 /* Features */ = {
			isa = PBXGroup;
			children = (
				B623DCF32BE501BE00627D39 /* MusicList */,
			);
			path = Features;
			sourceTree = "<group>";
		};
		B623DCF32BE501BE00627D39 /* MusicList */ = {
			isa = PBXGroup;
			children = (
				B623DCFF2BE5096800627D39 /* Data */,
				B623DCFE2BE5096200627D39 /* Domain */,
				B623DD002BE5096C00627D39 /* Presentation */,
			);
			path = MusicList;
			sourceTree = "<group>";
		};
		B623DCF42BE5069B00627D39 /* Data */ = {
			isa = PBXGroup;
			children = (
				B623DCF62BE5072A00627D39 /* Entity */,
			);
			path = Data;
			sourceTree = "<group>";
		};
		B623DCF62BE5072A00627D39 /* Entity */ = {
			isa = PBXGroup;
			children = (
				B623DCF72BE5074300627D39 /* MusicModel.swift */,
				B623DCF92BE507D700627D39 /* MusicResponse.swift */,
			);
			path = Entity;
			sourceTree = "<group>";
		};
		B623DCFE2BE5096200627D39 /* Domain */ = {
			isa = PBXGroup;
			children = (
				B623DD0B2BE50F5400627D39 /* MusicListRepositoryProtocol.swift */,
			);
			path = Domain;
			sourceTree = "<group>";
		};
		B623DCFF2BE5096800627D39 /* Data */ = {
			isa = PBXGroup;
			children = (
				B68F21C32BE6A29D00452F27 /* UseCases */,
				B68F21C22BE6A29500452F27 /* Repository */,
			);
			path = Data;
			sourceTree = "<group>";
		};
		B623DD002BE5096C00627D39 /* Presentation */ = {
			isa = PBXGroup;
			children = (
				B623DD042BE50A1C00627D39 /* Components */,
				B623DD032BE5097F00627D39 /* ViewModel */,
				B623DD022BE5097B00627D39 /* ViewController */,
				B623DD012BE5097600627D39 /* Model */,
			);
			path = Presentation;
			sourceTree = "<group>";
		};
		B623DD012BE5097600627D39 /* Model */ = {
			isa = PBXGroup;
			children = (
				B623DD072BE50CE200627D39 /* Music.swift */,
			);
			path = Model;
			sourceTree = "<group>";
		};
		B623DD022BE5097B00627D39 /* ViewController */ = {
			isa = PBXGroup;
			children = (
				B623DCC02BE4FA7000627D39 /* MusicListViewController.swift */,
			);
			path = ViewController;
			sourceTree = "<group>";
		};
		B623DD032BE5097F00627D39 /* ViewModel */ = {
			isa = PBXGroup;
			children = (
				B623DD052BE50C2500627D39 /* MusicListViewModel.swift */,
			);
			path = ViewModel;
			sourceTree = "<group>";
		};
		B623DD042BE50A1C00627D39 /* Components */ = {
			isa = PBXGroup;
			children = (
				B623DD0D2BE5129800627D39 /* MusicTableViewCell.swift */,
				B6469D2E2BE555FC005DD431 /* MusicPlayerView.swift */,
				B63805702BE75CA300157A30 /* ButtonImageComponent.swift */,
			);
			path = Components;
			sourceTree = "<group>";
		};
		B623DD0F2BE5130D00627D39 /* MusicService */ = {
			isa = PBXGroup;
			children = (
				B623DCFB2BE5085E00627D39 /* ItunesService.swift */,
			);
			path = MusicService;
			sourceTree = "<group>";
		};
		B623DD192BE53E6C00627D39 /* Themes */ = {
			isa = PBXGroup;
			children = (
				B638056D2BE755BC00157A30 /* Styles */,
			);
			path = Themes;
			sourceTree = "<group>";
		};
		B623DD1D2BE5401000627D39 /* LoadingManager */ = {
			isa = PBXGroup;
			children = (
				B623DD1E2BE5401700627D39 /* LoadingManager.swift */,
			);
			path = LoadingManager;
			sourceTree = "<group>";
		};
		B62C87CE2BE63ABD0021FCD3 /* ViewModel */ = {
			isa = PBXGroup;
			children = (
				B62C87CF2BE63AC90021FCD3 /* MusicListViewModelTest.swift */,
			);
			path = ViewModel;
			sourceTree = "<group>";
		};
		B638055D2BE6C3B200157A30 /* Repository */ = {
			isa = PBXGroup;
			children = (
				B638055E2BE6C3C800157A30 /* MusicListRepositoryTest.swift */,
			);
			path = Repository;
			sourceTree = "<group>";
		};
		B63805602BE6C77600157A30 /* MusicService */ = {
			isa = PBXGroup;
			children = (
				B63805612BE6C78900157A30 /* MusicServiceTest.swift */,
			);
			path = MusicService;
			sourceTree = "<group>";
		};
		B638056D2BE755BC00157A30 /* Styles */ = {
			isa = PBXGroup;
			children = (
				B638056E2BE755C900157A30 /* FontTheme.swift */,
			);
			path = Styles;
			sourceTree = "<group>";
		};
		B6469D2B2BE54E50005DD431 /* AudioPlayer */ = {
			isa = PBXGroup;
			children = (
				B6469D2C2BE54E6F005DD431 /* AudioPlayerManager.swift */,
				B6469D362BE5E67B005DD431 /* AudioPlayerDelegate.swift */,
			);
			path = AudioPlayer;
			sourceTree = "<group>";
		};
		B6469D352BE5E4DB005DD431 /* ErrorManager */ = {
			isa = PBXGroup;
			children = (
				B6469D332BE5E188005DD431 /* ErrorManager.swift */,
			);
			path = ErrorManager;
			sourceTree = "<group>";
		};
		B68F21C22BE6A29500452F27 /* Repository */ = {
			isa = PBXGroup;
			children = (
				B623DD092BE50E1100627D39 /* MusicListRepository.swift */,
			);
			path = Repository;
			sourceTree = "<group>";
		};
		B68F21C32BE6A29D00452F27 /* UseCases */ = {
			isa = PBXGroup;
			children = (
				B68F21C42BE6A2B400452F27 /* GetMusicListFromNameUseCase.swift */,
			);
			path = UseCases;
			sourceTree = "<group>";
		};
		B69D16E52BE6AD7900F78622 /* Utilities */ = {
			isa = PBXGroup;
			children = (
				B63805602BE6C77600157A30 /* MusicService */,
				B69D16E92BE6B9A700F78622 /* ErrorManager */,
				B69D16E62BE6AD8400F78622 /* AudioPlayer */,
			);
			path = Utilities;
			sourceTree = "<group>";
		};
		B69D16E62BE6AD8400F78622 /* AudioPlayer */ = {
			isa = PBXGroup;
			children = (
				B69D16E72BE6AD9100F78622 /* AudioPlayerManagerTest.swift */,
			);
			path = AudioPlayer;
			sourceTree = "<group>";
		};
		B69D16E92BE6B9A700F78622 /* ErrorManager */ = {
			isa = PBXGroup;
			children = (
				B69D16EA2BE6B9B400F78622 /* ErrorManagerTest.swift */,
			);
			path = ErrorManager;
			sourceTree = "<group>";
		};
		B69D16EC2BE6BCAB00F78622 /* UseCases */ = {
			isa = PBXGroup;
			children = (
				B69D16ED2BE6BCD600F78622 /* GetMusicListFromTrackNameTest.swift */,
			);
			path = UseCases;
			sourceTree = "<group>";
		};
/* End PBXGroup section */

/* Begin PBXNativeTarget section */
		B623DCB82BE4FA7000627D39 /* MusicPlayer */ = {
			isa = PBXNativeTarget;
			buildConfigurationList = B623DCE32BE4FA7100627D39 /* Build configuration list for PBXNativeTarget "MusicPlayer" */;
			buildPhases = (
				B623DCB52BE4FA7000627D39 /* Sources */,
				B623DCB62BE4FA7000627D39 /* Frameworks */,
				B623DCB72BE4FA7000627D39 /* Resources */,
			);
			buildRules = (
			);
			dependencies = (
			);
			name = MusicPlayer;
			productName = MusicPlayer;
			productReference = B623DCB92BE4FA7000627D39 /* MusicPlayer.app */;
			productType = "com.apple.product-type.application";
		};
		B623DCCE2BE4FA7100627D39 /* MusicPlayerTests */ = {
			isa = PBXNativeTarget;
			buildConfigurationList = B623DCE62BE4FA7100627D39 /* Build configuration list for PBXNativeTarget "MusicPlayerTests" */;
			buildPhases = (
				B623DCCB2BE4FA7100627D39 /* Sources */,
				B623DCCC2BE4FA7100627D39 /* Frameworks */,
				B623DCCD2BE4FA7100627D39 /* Resources */,
			);
			buildRules = (
			);
			dependencies = (
				B623DCD12BE4FA7100627D39 /* PBXTargetDependency */,
			);
			name = MusicPlayerTests;
			productName = MusicPlayerTests;
			productReference = B623DCCF2BE4FA7100627D39 /* MusicPlayerTests.xctest */;
			productType = "com.apple.product-type.bundle.unit-test";
		};
/* End PBXNativeTarget section */

/* Begin PBXProject section */
		B623DCB12BE4FA7000627D39 /* Project object */ = {
			isa = PBXProject;
			attributes = {
				BuildIndependentTargetsInParallel = 1;
				LastSwiftUpdateCheck = 1530;
				LastUpgradeCheck = 1530;
				TargetAttributes = {
					B623DCB82BE4FA7000627D39 = {
						CreatedOnToolsVersion = 15.3;
					};
					B623DCCE2BE4FA7100627D39 = {
						CreatedOnToolsVersion = 15.3;
						TestTargetID = B623DCB82BE4FA7000627D39;
					};
				};
			};
			buildConfigurationList = B623DCB42BE4FA7000627D39 /* Build configuration list for PBXProject "MusicPlayer" */;
			compatibilityVersion = "Xcode 14.0";
			developmentRegion = en;
			hasScannedForEncodings = 0;
			knownRegions = (
				en,
				Base,
			);
			mainGroup = B623DCB02BE4FA7000627D39;
			productRefGroup = B623DCBA2BE4FA7000627D39 /* Products */;
			projectDirPath = "";
			projectRoot = "";
			targets = (
				B623DCB82BE4FA7000627D39 /* MusicPlayer */,
				B623DCCE2BE4FA7100627D39 /* MusicPlayerTests */,
			);
		};
/* End PBXProject section */

/* Begin PBXResourcesBuildPhase section */
		B623DCB72BE4FA7000627D39 /* Resources */ = {
			isa = PBXResourcesBuildPhase;
			buildActionMask = 2147483647;
			files = (
				B623DCC62BE4FA7100627D39 /* Assets.xcassets in Resources */,
				B623DCC92BE4FA7100627D39 /* Base in Resources */,
			);
			runOnlyForDeploymentPostprocessing = 0;
		};
		B623DCCD2BE4FA7100627D39 /* Resources */ = {
			isa = PBXResourcesBuildPhase;
			buildActionMask = 2147483647;
			files = (
			);
			runOnlyForDeploymentPostprocessing = 0;
		};
/* End PBXResourcesBuildPhase section */

/* Begin PBXSourcesBuildPhase section */
		B623DCB52BE4FA7000627D39 /* Sources */ = {
			isa = PBXSourcesBuildPhase;
			buildActionMask = 2147483647;
			files = (
				B63805712BE75CA300157A30 /* ButtonImageComponent.swift in Sources */,
				B623DD112BE5272900627D39 /* DispatchQueue+AsyncDeduped.swift in Sources */,
				B6469D2D2BE54E6F005DD431 /* AudioPlayerManager.swift in Sources */,
				B6469D372BE5E67B005DD431 /* AudioPlayerDelegate.swift in Sources */,
				B623DCFC2BE5085E00627D39 /* ItunesService.swift in Sources */,
				B638056F2BE755C900157A30 /* FontTheme.swift in Sources */,
				B623DCC12BE4FA7000627D39 /* MusicListViewController.swift in Sources */,
				B623DCF82BE5074300627D39 /* MusicModel.swift in Sources */,
				B63805682BE74E1D00157A30 /* Decimal.swift in Sources */,
				B6469D342BE5E188005DD431 /* ErrorManager.swift in Sources */,
				B623DD0C2BE50F5400627D39 /* MusicListRepositoryProtocol.swift in Sources */,
				B623DD212BE5407200627D39 /* UIAppplication+keyWindow.swift in Sources */,
				B623DD1F2BE5401700627D39 /* LoadingManager.swift in Sources */,
				B63805662BE74C6F00157A30 /* AppLabel.swift in Sources */,
				B638056C2BE752E500157A30 /* ResourcePath.swift in Sources */,
				B623DCBD2BE4FA7000627D39 /* AppDelegate.swift in Sources */,
				B6469D2F2BE555FC005DD431 /* MusicPlayerView.swift in Sources */,
				B623DCBF2BE4FA7000627D39 /* SceneDelegate.swift in Sources */,
				B68F21C52BE6A2B400452F27 /* GetMusicListFromNameUseCase.swift in Sources */,
				B623DD062BE50C2500627D39 /* MusicListViewModel.swift in Sources */,
				B623DD0A2BE50E1100627D39 /* MusicListRepository.swift in Sources */,
				B623DCFA2BE507D700627D39 /* MusicResponse.swift in Sources */,
				B623DD0E2BE5129800627D39 /* MusicTableViewCell.swift in Sources */,
				B638056A2BE74FF800157A30 /* ColorPath.swift in Sources */,
				B623DD082BE50CE200627D39 /* Music.swift in Sources */,
			);
			runOnlyForDeploymentPostprocessing = 0;
		};
		B623DCCB2BE4FA7100627D39 /* Sources */ = {
			isa = PBXSourcesBuildPhase;
			buildActionMask = 2147483647;
			files = (
				B62C87CD2BE637EE0021FCD3 /* MockEntity.swift in Sources */,
				B638055F2BE6C3C800157A30 /* MusicListRepositoryTest.swift in Sources */,
				B69D16EE2BE6BCD600F78622 /* GetMusicListFromTrackNameTest.swift in Sources */,
				B62C87D02BE63AC90021FCD3 /* MusicListViewModelTest.swift in Sources */,
				B69D16EB2BE6B9B400F78622 /* ErrorManagerTest.swift in Sources */,
				B63805642BE6C82100157A30 /* MockMusicService.swift in Sources */,
				B69D16E82BE6AD9100F78622 /* AudioPlayerManagerTest.swift in Sources */,
				B63805622BE6C78900157A30 /* MusicServiceTest.swift in Sources */,
			);
			runOnlyForDeploymentPostprocessing = 0;
		};
/* End PBXSourcesBuildPhase section */

/* Begin PBXTargetDependency section */
		B623DCD12BE4FA7100627D39 /* PBXTargetDependency */ = {
			isa = PBXTargetDependency;
			target = B623DCB82BE4FA7000627D39 /* MusicPlayer */;
			targetProxy = B623DCD02BE4FA7100627D39 /* PBXContainerItemProxy */;
		};
/* End PBXTargetDependency section */

/* Begin PBXVariantGroup section */
		B623DCC72BE4FA7100627D39 /* LaunchScreen.storyboard */ = {
			isa = PBXVariantGroup;
			children = (
				B623DCC82BE4FA7100627D39 /* Base */,
			);
			name = LaunchScreen.storyboard;
			sourceTree = "<group>";
		};
/* End PBXVariantGroup section */

/* Begin XCBuildConfiguration section */
		B623DCE12BE4FA7100627D39 /* Debug */ = {
			isa = XCBuildConfiguration;
			buildSettings = {
				ALWAYS_SEARCH_USER_PATHS = NO;
				ASSETCATALOG_COMPILER_GENERATE_SWIFT_ASSET_SYMBOL_EXTENSIONS = YES;
				CLANG_ANALYZER_NONNULL = YES;
				CLANG_ANALYZER_NUMBER_OBJECT_CONVERSION = YES_AGGRESSIVE;
				CLANG_CXX_LANGUAGE_STANDARD = "gnu++20";
				CLANG_ENABLE_MODULES = YES;
				CLANG_ENABLE_OBJC_ARC = YES;
				CLANG_ENABLE_OBJC_WEAK = YES;
				CLANG_WARN_BLOCK_CAPTURE_AUTORELEASING = YES;
				CLANG_WARN_BOOL_CONVERSION = YES;
				CLANG_WARN_COMMA = YES;
				CLANG_WARN_CONSTANT_CONVERSION = YES;
				CLANG_WARN_DEPRECATED_OBJC_IMPLEMENTATIONS = YES;
				CLANG_WARN_DIRECT_OBJC_ISA_USAGE = YES_ERROR;
				CLANG_WARN_DOCUMENTATION_COMMENTS = YES;
				CLANG_WARN_EMPTY_BODY = YES;
				CLANG_WARN_ENUM_CONVERSION = YES;
				CLANG_WARN_INFINITE_RECURSION = YES;
				CLANG_WARN_INT_CONVERSION = YES;
				CLANG_WARN_NON_LITERAL_NULL_CONVERSION = YES;
				CLANG_WARN_OBJC_IMPLICIT_RETAIN_SELF = YES;
				CLANG_WARN_OBJC_LITERAL_CONVERSION = YES;
				CLANG_WARN_OBJC_ROOT_CLASS = YES_ERROR;
				CLANG_WARN_QUOTED_INCLUDE_IN_FRAMEWORK_HEADER = YES;
				CLANG_WARN_RANGE_LOOP_ANALYSIS = YES;
				CLANG_WARN_STRICT_PROTOTYPES = YES;
				CLANG_WARN_SUSPICIOUS_MOVE = YES;
				CLANG_WARN_UNGUARDED_AVAILABILITY = YES_AGGRESSIVE;
				CLANG_WARN_UNREACHABLE_CODE = YES;
				CLANG_WARN__DUPLICATE_METHOD_MATCH = YES;
				COPY_PHASE_STRIP = NO;
				DEBUG_INFORMATION_FORMAT = dwarf;
				ENABLE_STRICT_OBJC_MSGSEND = YES;
				ENABLE_TESTABILITY = YES;
				ENABLE_USER_SCRIPT_SANDBOXING = YES;
				GCC_C_LANGUAGE_STANDARD = gnu17;
				GCC_DYNAMIC_NO_PIC = NO;
				GCC_NO_COMMON_BLOCKS = YES;
				GCC_OPTIMIZATION_LEVEL = 0;
				GCC_PREPROCESSOR_DEFINITIONS = (
					"DEBUG=1",
					"$(inherited)",
				);
				GCC_WARN_64_TO_32_BIT_CONVERSION = YES;
				GCC_WARN_ABOUT_RETURN_TYPE = YES_ERROR;
				GCC_WARN_UNDECLARED_SELECTOR = YES;
				GCC_WARN_UNINITIALIZED_AUTOS = YES_AGGRESSIVE;
				GCC_WARN_UNUSED_FUNCTION = YES;
				GCC_WARN_UNUSED_VARIABLE = YES;
				IPHONEOS_DEPLOYMENT_TARGET = 16.0;
				LOCALIZATION_PREFERS_STRING_CATALOGS = YES;
				MTL_ENABLE_DEBUG_INFO = INCLUDE_SOURCE;
				MTL_FAST_MATH = YES;
				ONLY_ACTIVE_ARCH = YES;
				SDKROOT = iphoneos;
				SWIFT_ACTIVE_COMPILATION_CONDITIONS = "DEBUG $(inherited)";
				SWIFT_OPTIMIZATION_LEVEL = "-Onone";
			};
			name = Debug;
		};
		B623DCE22BE4FA7100627D39 /* Release */ = {
			isa = XCBuildConfiguration;
			buildSettings = {
				ALWAYS_SEARCH_USER_PATHS = NO;
				ASSETCATALOG_COMPILER_GENERATE_SWIFT_ASSET_SYMBOL_EXTENSIONS = YES;
				CLANG_ANALYZER_NONNULL = YES;
				CLANG_ANALYZER_NUMBER_OBJECT_CONVERSION = YES_AGGRESSIVE;
				CLANG_CXX_LANGUAGE_STANDARD = "gnu++20";
				CLANG_ENABLE_MODULES = YES;
				CLANG_ENABLE_OBJC_ARC = YES;
				CLANG_ENABLE_OBJC_WEAK = YES;
				CLANG_WARN_BLOCK_CAPTURE_AUTORELEASING = YES;
				CLANG_WARN_BOOL_CONVERSION = YES;
				CLANG_WARN_COMMA = YES;
				CLANG_WARN_CONSTANT_CONVERSION = YES;
				CLANG_WARN_DEPRECATED_OBJC_IMPLEMENTATIONS = YES;
				CLANG_WARN_DIRECT_OBJC_ISA_USAGE = YES_ERROR;
				CLANG_WARN_DOCUMENTATION_COMMENTS = YES;
				CLANG_WARN_EMPTY_BODY = YES;
				CLANG_WARN_ENUM_CONVERSION = YES;
				CLANG_WARN_INFINITE_RECURSION = YES;
				CLANG_WARN_INT_CONVERSION = YES;
				CLANG_WARN_NON_LITERAL_NULL_CONVERSION = YES;
				CLANG_WARN_OBJC_IMPLICIT_RETAIN_SELF = YES;
				CLANG_WARN_OBJC_LITERAL_CONVERSION = YES;
				CLANG_WARN_OBJC_ROOT_CLASS = YES_ERROR;
				CLANG_WARN_QUOTED_INCLUDE_IN_FRAMEWORK_HEADER = YES;
				CLANG_WARN_RANGE_LOOP_ANALYSIS = YES;
				CLANG_WARN_STRICT_PROTOTYPES = YES;
				CLANG_WARN_SUSPICIOUS_MOVE = YES;
				CLANG_WARN_UNGUARDED_AVAILABILITY = YES_AGGRESSIVE;
				CLANG_WARN_UNREACHABLE_CODE = YES;
				CLANG_WARN__DUPLICATE_METHOD_MATCH = YES;
				COPY_PHASE_STRIP = NO;
				DEBUG_INFORMATION_FORMAT = "dwarf-with-dsym";
				ENABLE_NS_ASSERTIONS = NO;
				ENABLE_STRICT_OBJC_MSGSEND = YES;
				ENABLE_USER_SCRIPT_SANDBOXING = YES;
				GCC_C_LANGUAGE_STANDARD = gnu17;
				GCC_NO_COMMON_BLOCKS = YES;
				GCC_WARN_64_TO_32_BIT_CONVERSION = YES;
				GCC_WARN_ABOUT_RETURN_TYPE = YES_ERROR;
				GCC_WARN_UNDECLARED_SELECTOR = YES;
				GCC_WARN_UNINITIALIZED_AUTOS = YES_AGGRESSIVE;
				GCC_WARN_UNUSED_FUNCTION = YES;
				GCC_WARN_UNUSED_VARIABLE = YES;
				IPHONEOS_DEPLOYMENT_TARGET = 16.0;
				LOCALIZATION_PREFERS_STRING_CATALOGS = YES;
				MTL_ENABLE_DEBUG_INFO = NO;
				MTL_FAST_MATH = YES;
				SDKROOT = iphoneos;
				SWIFT_COMPILATION_MODE = wholemodule;
				VALIDATE_PRODUCT = YES;
			};
			name = Release;
		};
		B623DCE42BE4FA7100627D39 /* Debug */ = {
			isa = XCBuildConfiguration;
			buildSettings = {
				ASSETCATALOG_COMPILER_APPICON_NAME = AppIcon;
				ASSETCATALOG_COMPILER_GLOBAL_ACCENT_COLOR_NAME = AccentColor;
				"CODE_SIGN_IDENTITY[sdk=iphoneos*]" = "iPhone Distribution";
				CODE_SIGN_STYLE = Manual;
				CURRENT_PROJECT_VERSION = 2;
				DEVELOPMENT_TEAM = "";
				"DEVELOPMENT_TEAM[sdk=iphoneos*]" = U43A7X58YW;
				GENERATE_INFOPLIST_FILE = YES;
				INFOPLIST_FILE = MusicPlayer/Info.plist;
				INFOPLIST_KEY_UIApplicationSupportsIndirectInputEvents = YES;
				INFOPLIST_KEY_UILaunchStoryboardName = LaunchScreen;
				INFOPLIST_KEY_UISupportedInterfaceOrientations = UIInterfaceOrientationPortrait;
				INFOPLIST_KEY_UISupportedInterfaceOrientations_iPad = "UIInterfaceOrientationLandscapeLeft UIInterfaceOrientationLandscapeRight UIInterfaceOrientationPortrait UIInterfaceOrientationPortraitUpsideDown";
				LD_RUNPATH_SEARCH_PATHS = (
					"$(inherited)",
					"@executable_path/Frameworks",
				);
				MARKETING_VERSION = 1.0;
				PRODUCT_BUNDLE_IDENTIFIER = me.gregoriusyuristama.MusicPlayer;
				PRODUCT_NAME = "$(TARGET_NAME)";
				PROVISIONING_PROFILE_SPECIFIER = "";
				"PROVISIONING_PROFILE_SPECIFIER[sdk=iphoneos*]" = "match AppStore me.gregoriusyuristama.MusicPlayer 1714881951";
				SUPPORTED_PLATFORMS = "iphoneos iphonesimulator";
				SUPPORTS_MACCATALYST = NO;
				SUPPORTS_MAC_DESIGNED_FOR_IPHONE_IPAD = NO;
				SUPPORTS_XR_DESIGNED_FOR_IPHONE_IPAD = NO;
				SWIFT_EMIT_LOC_STRINGS = YES;
				SWIFT_VERSION = 5.0;
				TARGETED_DEVICE_FAMILY = 1;
				VERSIONING_SYSTEM = "apple-generic";
			};
			name = Debug;
		};
		B623DCE52BE4FA7100627D39 /* Release */ = {
			isa = XCBuildConfiguration;
			buildSettings = {
				ASSETCATALOG_COMPILER_APPICON_NAME = AppIcon;
				ASSETCATALOG_COMPILER_GLOBAL_ACCENT_COLOR_NAME = AccentColor;
				"CODE_SIGN_IDENTITY[sdk=iphoneos*]" = "iPhone Distribution";
				CODE_SIGN_STYLE = Manual;
				CURRENT_PROJECT_VERSION = 2;
				DEVELOPMENT_TEAM = "";
				"DEVELOPMENT_TEAM[sdk=iphoneos*]" = U43A7X58YW;
				GENERATE_INFOPLIST_FILE = YES;
				INFOPLIST_FILE = MusicPlayer/Info.plist;
				INFOPLIST_KEY_UIApplicationSupportsIndirectInputEvents = YES;
				INFOPLIST_KEY_UILaunchStoryboardName = LaunchScreen;
				INFOPLIST_KEY_UISupportedInterfaceOrientations = UIInterfaceOrientationPortrait;
				INFOPLIST_KEY_UISupportedInterfaceOrientations_iPad = "UIInterfaceOrientationLandscapeLeft UIInterfaceOrientationLandscapeRight UIInterfaceOrientationPortrait UIInterfaceOrientationPortraitUpsideDown";
				LD_RUNPATH_SEARCH_PATHS = (
					"$(inherited)",
					"@executable_path/Frameworks",
				);
				MARKETING_VERSION = 1.0;
				PRODUCT_BUNDLE_IDENTIFIER = me.gregoriusyuristama.MusicPlayer;
				PRODUCT_NAME = "$(TARGET_NAME)";
				PROVISIONING_PROFILE_SPECIFIER = "";
				"PROVISIONING_PROFILE_SPECIFIER[sdk=iphoneos*]" = "match AppStore me.gregoriusyuristama.MusicPlayer 1714881951";
				SUPPORTED_PLATFORMS = "iphoneos iphonesimulator";
				SUPPORTS_MACCATALYST = NO;
				SUPPORTS_MAC_DESIGNED_FOR_IPHONE_IPAD = NO;
				SUPPORTS_XR_DESIGNED_FOR_IPHONE_IPAD = NO;
				SWIFT_EMIT_LOC_STRINGS = YES;
				SWIFT_VERSION = 5.0;
				TARGETED_DEVICE_FAMILY = 1;
				VERSIONING_SYSTEM = "apple-generic";
			};
			name = Release;
		};
		B623DCE72BE4FA7100627D39 /* Debug */ = {
			isa = XCBuildConfiguration;
			buildSettings = {
				ALWAYS_EMBED_SWIFT_STANDARD_LIBRARIES = YES;
				BUNDLE_LOADER = "$(TEST_HOST)";
				CODE_SIGN_STYLE = Automatic;
				CURRENT_PROJECT_VERSION = 2;
				DEVELOPMENT_TEAM = U43A7X58YW;
				GENERATE_INFOPLIST_FILE = YES;
				IPHONEOS_DEPLOYMENT_TARGET = 17.4;
				MARKETING_VERSION = 1.0;
				PRODUCT_BUNDLE_IDENTIFIER = me.gregoriusyuristama.MusicPlayerTests;
				PRODUCT_NAME = "$(TARGET_NAME)";
				SWIFT_EMIT_LOC_STRINGS = NO;
				SWIFT_VERSION = 5.0;
				TARGETED_DEVICE_FAMILY = "1,2";
				TEST_HOST = "$(BUILT_PRODUCTS_DIR)/MusicPlayer.app/$(BUNDLE_EXECUTABLE_FOLDER_PATH)/MusicPlayer";
			};
			name = Debug;
		};
		B623DCE82BE4FA7100627D39 /* Release */ = {
			isa = XCBuildConfiguration;
			buildSettings = {
				ALWAYS_EMBED_SWIFT_STANDARD_LIBRARIES = YES;
				BUNDLE_LOADER = "$(TEST_HOST)";
				CODE_SIGN_STYLE = Automatic;
				CURRENT_PROJECT_VERSION = 2;
				DEVELOPMENT_TEAM = U43A7X58YW;
				GENERATE_INFOPLIST_FILE = YES;
				IPHONEOS_DEPLOYMENT_TARGET = 17.4;
				MARKETING_VERSION = 1.0;
				PRODUCT_BUNDLE_IDENTIFIER = me.gregoriusyuristama.MusicPlayerTests;
				PRODUCT_NAME = "$(TARGET_NAME)";
				SWIFT_EMIT_LOC_STRINGS = NO;
				SWIFT_VERSION = 5.0;
				TARGETED_DEVICE_FAMILY = "1,2";
				TEST_HOST = "$(BUILT_PRODUCTS_DIR)/MusicPlayer.app/$(BUNDLE_EXECUTABLE_FOLDER_PATH)/MusicPlayer";
			};
			name = Release;
		};
/* End XCBuildConfiguration section */

/* Begin XCConfigurationList section */
		B623DCB42BE4FA7000627D39 /* Build configuration list for PBXProject "MusicPlayer" */ = {
			isa = XCConfigurationList;
			buildConfigurations = (
				B623DCE12BE4FA7100627D39 /* Debug */,
				B623DCE22BE4FA7100627D39 /* Release */,
			);
			defaultConfigurationIsVisible = 0;
			defaultConfigurationName = Release;
		};
		B623DCE32BE4FA7100627D39 /* Build configuration list for PBXNativeTarget "MusicPlayer" */ = {
			isa = XCConfigurationList;
			buildConfigurations = (
				B623DCE42BE4FA7100627D39 /* Debug */,
				B623DCE52BE4FA7100627D39 /* Release */,
			);
			defaultConfigurationIsVisible = 0;
			defaultConfigurationName = Release;
		};
		B623DCE62BE4FA7100627D39 /* Build configuration list for PBXNativeTarget "MusicPlayerTests" */ = {
			isa = XCConfigurationList;
			buildConfigurations = (
				B623DCE72BE4FA7100627D39 /* Debug */,
				B623DCE82BE4FA7100627D39 /* Release */,
			);
			defaultConfigurationIsVisible = 0;
			defaultConfigurationName = Release;
		};
/* End XCConfigurationList section */
	};
	rootObject = B623DCB12BE4FA7000627D39 /* Project object */;
}
